
Microsoft Visual Studio Solution File, Format Version 12.00
# Visual Studio Version 16
VisualStudioVersion = 16.0.31624.102
MinimumVisualStudioVersion = 10.0.40219.1
Project("{9A19103F-16F7-4668-BE54-9A1E7A4F7556}") = "ЛР 1 консоль", "ЛР 1 консоль.csproj", "{A05B48D5-5141-4F35-A289-2F5BA5337340}"
EndProject
Global
	GlobalSection(SolutionConfigurationPlatforms) = preSolution
		Debug|Any CPU = Debug|Any CPU
		Release|Any CPU = Release|Any CPU
	EndGlobalSection
	GlobalSection(ProjectConfigurationPlatforms) = postSolution
		{A05B48D5-5141-4F35-A289-2F5BA5337340}.Debug|Any CPU.ActiveCfg = Debug|Any CPU
		{A05B48D5-5141-4F35-A289-2F5BA5337340}.Debug|Any CPU.Build.0 = Debug|Any CPU
		{A05B48D5-5141-4F35-A289-2F5BA5337340}.Release|Any CPU.ActiveCfg = Release|Any CPU
		{A05B48D5-5141-4F35-A289-2F5BA5337340}.Release|Any CPU.Build.0 = Release|Any CPU
	EndGlobalSection
	GlobalSection(SolutionProperties) = preSolution
		HideSolutionNode = FALSE
	EndGlobalSection
	GlobalSection(ExtensibilityGlobals) = postSolution
		SolutionGuid = {4F305FC5-0E84-4CB6-96A8-338E1ADEB1C2}
	EndGlobalSection
EndGlobal
